
Microsoft Visual Studio Solution File, Format Version 12.00
# Visual Studio 14
VisualStudioVersion = 14.0.25420.1
MinimumVisualStudioVersion = 10.0.40219.1
Project("{FAE04EC0-301F-11D3-BF4B-00C04F79EFBC}") = "EmotionsCompetition.Droid", "EmotionsCompetition\EmotionsCompetition.Droid\EmotionsCompetition.Droid.csproj", "{78AAA8B4-9168-446A-BABB-0DFEF07C0884}"
EndProject
Project("{FAE04EC0-301F-11D3-BF4B-00C04F79EFBC}") = "EmotionsCompetition.iOS", "EmotionsCompetition\EmotionsCompetition.iOS\EmotionsCompetition.iOS.csproj", "{4DA4C2B2-C8E1-4D55-9107-90AFE9DAC3C9}"
EndProject
Project("{FAE04EC0-301F-11D3-BF4B-00C04F79EFBC}") = "EmotionsCompetition.WinPhone", "EmotionsCompetition\EmotionsCompetition.WinPhone\EmotionsCompetition.WinPhone.csproj", "{9BA714FF-725D-4CBF-8E84-2C9A8593B835}"
EndProject
Project("{FAE04EC0-301F-11D3-BF4B-00C04F79EFBC}") = "EmotionsCompetition.UWP", "EmotionsCompetition\EmotionsCompetition.UWP\EmotionsCompetition.UWP.csproj", "{88EC5A03-60D9-4F80-8BEF-A52052A35BAC}"
EndProject
Project("{FAE04EC0-301F-11D3-BF4B-00C04F79EFBC}") = "EmotionsCompetition.Windows", "EmotionsCompetition\EmotionsCompetition.Windows\EmotionsCompetition.Windows.csproj", "{C3A1BB49-53E1-4C9C-9CDA-DE3AEE759E57}"
EndProject
Project("{D954291E-2A0B-460D-934E-DC6B0785DB48}") = "EmotionsCompetition", "EmotionsCompetition\EmotionsCompetition\EmotionsCompetition.shproj", "{A6F4D1CF-3BED-42E1-9D1E-558ED2A99621}"
EndProject
Global
	GlobalSection(SharedMSBuildProjectFiles) = preSolution
		EmotionsCompetition\EmotionsCompetition\EmotionsCompetition.projitems*{88ec5a03-60d9-4f80-8bef-a52052a35bac}*SharedItemsImports = 4
		EmotionsCompetition\EmotionsCompetition\EmotionsCompetition.projitems*{a6f4d1cf-3bed-42e1-9d1e-558ed2a99621}*SharedItemsImports = 13
	EndGlobalSection
	GlobalSection(SolutionConfigurationPlatforms) = preSolution
		Ad-Hoc|Any CPU = Ad-Hoc|Any CPU
		Ad-Hoc|ARM = Ad-Hoc|ARM
		Ad-Hoc|iPhone = Ad-Hoc|iPhone
		Ad-Hoc|iPhoneSimulator = Ad-Hoc|iPhoneSimulator
		Ad-Hoc|x64 = Ad-Hoc|x64
		Ad-Hoc|x86 = Ad-Hoc|x86
		AppStore|Any CPU = AppStore|Any CPU
		AppStore|ARM = AppStore|ARM
		AppStore|iPhone = AppStore|iPhone
		AppStore|iPhoneSimulator = AppStore|iPhoneSimulator
		AppStore|x64 = AppStore|x64
		AppStore|x86 = AppStore|x86
		Debug|Any CPU = Debug|Any CPU
		Debug|ARM = Debug|ARM
		Debug|iPhone = Debug|iPhone
		Debug|iPhoneSimulator = Debug|iPhoneSimulator
		Debug|x64 = Debug|x64
		Debug|x86 = Debug|x86
		Release|Any CPU = Release|Any CPU
		Release|ARM = Release|ARM
		Release|iPhone = Release|iPhone
		Release|iPhoneSimulator = Release|iPhoneSimulator
		Release|x64 = Release|x64
		Release|x86 = Release|x86
	EndGlobalSection
	GlobalSection(ProjectConfigurationPlatforms) = postSolution
		{78AAA8B4-9168-446A-BABB-0DFEF07C0884}.Ad-Hoc|Any CPU.ActiveCfg = Release|Any CPU
		{78AAA8B4-9168-446A-BABB-0DFEF07C0884}.Ad-Hoc|Any CPU.Build.0 = Release|Any CPU
		{78AAA8B4-9168-446A-BABB-0DFEF07C0884}.Ad-Hoc|Any CPU.Deploy.0 = Release|Any CPU
		{78AAA8B4-9168-446A-BABB-0DFEF07C0884}.Ad-Hoc|ARM.ActiveCfg = Release|Any CPU
		{78AAA8B4-9168-446A-BABB-0DFEF07C0884}.Ad-Hoc|ARM.Build.0 = Release|Any CPU
		{78AAA8B4-9168-446A-BABB-0DFEF07C0884}.Ad-Hoc|ARM.Deploy.0 = Release|Any CPU
		{78AAA8B4-9168-446A-BABB-0DFEF07C0884}.Ad-Hoc|iPhone.ActiveCfg = Release|Any CPU
		{78AAA8B4-9168-446A-BABB-0DFEF07C0884}.Ad-Hoc|iPhone.Build.0 = Release|Any CPU
		{78AAA8B4-9168-446A-BABB-0DFEF07C0884}.Ad-Hoc|iPhone.Deploy.0 = Release|Any CPU
		{78AAA8B4-9168-446A-BABB-0DFEF07C0884}.Ad-Hoc|iPhoneSimulator.ActiveCfg = Release|Any CPU
		{78AAA8B4-9168-446A-BABB-0DFEF07C0884}.Ad-Hoc|iPhoneSimulator.Build.0 = Release|Any CPU
		{78AAA8B4-9168-446A-BABB-0DFEF07C0884}.Ad-Hoc|iPhoneSimulator.Deploy.0 = Release|Any CPU
		{78AAA8B4-9168-446A-BABB-0DFEF07C0884}.Ad-Hoc|x64.ActiveCfg = Release|Any CPU
		{78AAA8B4-9168-446A-BABB-0DFEF07C0884}.Ad-Hoc|x64.Build.0 = Release|Any CPU
		{78AAA8B4-9168-446A-BABB-0DFEF07C0884}.Ad-Hoc|x64.Deploy.0 = Release|Any CPU
		{78AAA8B4-9168-446A-BABB-0DFEF07C0884}.Ad-Hoc|x86.ActiveCfg = Release|Any CPU
		{78AAA8B4-9168-446A-BABB-0DFEF07C0884}.Ad-Hoc|x86.Build.0 = Release|Any CPU
		{78AAA8B4-9168-446A-BABB-0DFEF07C0884}.Ad-Hoc|x86.Deploy.0 = Release|Any CPU
		{78AAA8B4-9168-446A-BABB-0DFEF07C0884}.AppStore|Any CPU.ActiveCfg = Release|Any CPU
		{78AAA8B4-9168-446A-BABB-0DFEF07C0884}.AppStore|Any CPU.Build.0 = Release|Any CPU
		{78AAA8B4-9168-446A-BABB-0DFEF07C0884}.AppStore|Any CPU.Deploy.0 = Release|Any CPU
		{78AAA8B4-9168-446A-BABB-0DFEF07C0884}.AppStore|ARM.ActiveCfg = Release|Any CPU
		{78AAA8B4-9168-446A-BABB-0DFEF07C0884}.AppStore|ARM.Build.0 = Release|Any CPU
		{78AAA8B4-9168-446A-BABB-0DFEF07C0884}.AppStore|ARM.Deploy.0 = Release|Any CPU
		{78AAA8B4-9168-446A-BABB-0DFEF07C0884}.AppStore|iPhone.ActiveCfg = Release|Any CPU
		{78AAA8B4-9168-446A-BABB-0DFEF07C0884}.AppStore|iPhone.Build.0 = Release|Any CPU
		{78AAA8B4-9168-446A-BABB-0DFEF07C0884}.AppStore|iPhone.Deploy.0 = Release|Any CPU
		{78AAA8B4-9168-446A-BABB-0DFEF07C0884}.AppStore|iPhoneSimulator.ActiveCfg = Release|Any CPU
		{78AAA8B4-9168-446A-BABB-0DFEF07C0884}.AppStore|iPhoneSimulator.Build.0 = Release|Any CPU
		{78AAA8B4-9168-446A-BABB-0DFEF07C0884}.AppStore|iPhoneSimulator.Deploy.0 = Release|Any CPU
		{78AAA8B4-9168-446A-BABB-0DFEF07C0884}.AppStore|x64.ActiveCfg = Release|Any CPU
		{78AAA8B4-9168-446A-BABB-0DFEF07C0884}.AppStore|x64.Build.0 = Release|Any CPU
		{78AAA8B4-9168-446A-BABB-0DFEF07C0884}.AppStore|x64.Deploy.0 = Release|Any CPU
		{78AAA8B4-9168-446A-BABB-0DFEF07C0884}.AppStore|x86.ActiveCfg = Release|Any CPU
		{78AAA8B4-9168-446A-BABB-0DFEF07C0884}.AppStore|x86.Build.0 = Release|Any CPU
		{78AAA8B4-9168-446A-BABB-0DFEF07C0884}.AppStore|x86.Deploy.0 = Release|Any CPU
		{78AAA8B4-9168-446A-BABB-0DFEF07C0884}.Debug|Any CPU.ActiveCfg = Debug|Any CPU
		{78AAA8B4-9168-446A-BABB-0DFEF07C0884}.Debug|Any CPU.Build.0 = Debug|Any CPU
		{78AAA8B4-9168-446A-BABB-0DFEF07C0884}.Debug|Any CPU.Deploy.0 = Debug|Any CPU
		{78AAA8B4-9168-446A-BABB-0DFEF07C0884}.Debug|ARM.ActiveCfg = Debug|Any CPU
		{78AAA8B4-9168-446A-BABB-0DFEF07C0884}.Debug|ARM.Build.0 = Debug|Any CPU
		{78AAA8B4-9168-446A-BABB-0DFEF07C0884}.Debug|ARM.Deploy.0 = Debug|Any CPU
		{78AAA8B4-9168-446A-BABB-0DFEF07C0884}.Debug|iPhone.ActiveCfg = Debug|Any CPU
		{78AAA8B4-9168-446A-BABB-0DFEF07C0884}.Debug|iPhone.Build.0 = Debug|Any CPU
		{78AAA8B4-9168-446A-BABB-0DFEF07C0884}.Debug|iPhone.Deploy.0 = Debug|Any CPU
		{78AAA8B4-9168-446A-BABB-0DFEF07C0884}.Debug|iPhoneSimulator.ActiveCfg = Debug|Any CPU
		{78AAA8B4-9168-446A-BABB-0DFEF07C0884}.Debug|iPhoneSimulator.Build.0 = Debug|Any CPU
		{78AAA8B4-9168-446A-BABB-0DFEF07C0884}.Debug|iPhoneSimulator.Deploy.0 = Debug|Any CPU
		{78AAA8B4-9168-446A-BABB-0DFEF07C0884}.Debug|x64.ActiveCfg = Debug|Any CPU
		{78AAA8B4-9168-446A-BABB-0DFEF07C0884}.Debug|x64.Build.0 = Debug|Any CPU
		{78AAA8B4-9168-446A-BABB-0DFEF07C0884}.Debug|x64.Deploy.0 = Debug|Any CPU
		{78AAA8B4-9168-446A-BABB-0DFEF07C0884}.Debug|x86.ActiveCfg = Debug|Any CPU
		{78AAA8B4-9168-446A-BABB-0DFEF07C0884}.Debug|x86.Build.0 = Debug|Any CPU
		{78AAA8B4-9168-446A-BABB-0DFEF07C0884}.Debug|x86.Deploy.0 = Debug|Any CPU
		{78AAA8B4-9168-446A-BABB-0DFEF07C0884}.Release|Any CPU.ActiveCfg = Release|Any CPU
		{78AAA8B4-9168-446A-BABB-0DFEF07C0884}.Release|Any CPU.Build.0 = Release|Any CPU
		{78AAA8B4-9168-446A-BABB-0DFEF07C0884}.Release|Any CPU.Deploy.0 = Release|Any CPU
		{78AAA8B4-9168-446A-BABB-0DFEF07C0884}.Release|ARM.ActiveCfg = Release|Any CPU
		{78AAA8B4-9168-446A-BABB-0DFEF07C0884}.Release|ARM.Build.0 = Release|Any CPU
		{78AAA8B4-9168-446A-BABB-0DFEF07C0884}.Release|ARM.Deploy.0 = Release|Any CPU
		{78AAA8B4-9168-446A-BABB-0DFEF07C0884}.Release|iPhone.ActiveCfg = Release|Any CPU
		{78AAA8B4-9168-446A-BABB-0DFEF07C0884}.Release|iPhone.Build.0 = Release|Any CPU
		{78AAA8B4-9168-446A-BABB-0DFEF07C0884}.Release|iPhone.Deploy.0 = Release|Any CPU
		{78AAA8B4-9168-446A-BABB-0DFEF07C0884}.Release|iPhoneSimulator.ActiveCfg = Release|Any CPU
		{78AAA8B4-9168-446A-BABB-0DFEF07C0884}.Release|iPhoneSimulator.Build.0 = Release|Any CPU
		{78AAA8B4-9168-446A-BABB-0DFEF07C0884}.Release|iPhoneSimulator.Deploy.0 = Release|Any CPU
		{78AAA8B4-9168-446A-BABB-0DFEF07C0884}.Release|x64.ActiveCfg = Release|Any CPU
		{78AAA8B4-9168-446A-BABB-0DFEF07C0884}.Release|x64.Build.0 = Release|Any CPU
		{78AAA8B4-9168-446A-BABB-0DFEF07C0884}.Release|x64.Deploy.0 = Release|Any CPU
		{78AAA8B4-9168-446A-BABB-0DFEF07C0884}.Release|x86.ActiveCfg = Release|Any CPU
		{78AAA8B4-9168-446A-BABB-0DFEF07C0884}.Release|x86.Build.0 = Release|Any CPU
		{78AAA8B4-9168-446A-BABB-0DFEF07C0884}.Release|x86.Deploy.0 = Release|Any CPU
		{4DA4C2B2-C8E1-4D55-9107-90AFE9DAC3C9}.Ad-Hoc|Any CPU.ActiveCfg = Ad-Hoc|iPhone
		{4DA4C2B2-C8E1-4D55-9107-90AFE9DAC3C9}.Ad-Hoc|ARM.ActiveCfg = Ad-Hoc|iPhone
		{4DA4C2B2-C8E1-4D55-9107-90AFE9DAC3C9}.Ad-Hoc|iPhone.ActiveCfg = Ad-Hoc|iPhone
		{4DA4C2B2-C8E1-4D55-9107-90AFE9DAC3C9}.Ad-Hoc|iPhone.Build.0 = Ad-Hoc|iPhone
		{4DA4C2B2-C8E1-4D55-9107-90AFE9DAC3C9}.Ad-Hoc|iPhoneSimulator.ActiveCfg = Ad-Hoc|iPhoneSimulator
		{4DA4C2B2-C8E1-4D55-9107-90AFE9DAC3C9}.Ad-Hoc|iPhoneSimulator.Build.0 = Ad-Hoc|iPhoneSimulator
		{4DA4C2B2-C8E1-4D55-9107-90AFE9DAC3C9}.Ad-Hoc|x64.ActiveCfg = Ad-Hoc|iPhone
		{4DA4C2B2-C8E1-4D55-9107-90AFE9DAC3C9}.Ad-Hoc|x86.ActiveCfg = Ad-Hoc|iPhone
		{4DA4C2B2-C8E1-4D55-9107-90AFE9DAC3C9}.AppStore|Any CPU.ActiveCfg = AppStore|iPhone
		{4DA4C2B2-C8E1-4D55-9107-90AFE9DAC3C9}.AppStore|ARM.ActiveCfg = AppStore|iPhone
		{4DA4C2B2-C8E1-4D55-9107-90AFE9DAC3C9}.AppStore|iPhone.ActiveCfg = AppStore|iPhone
		{4DA4C2B2-C8E1-4D55-9107-90AFE9DAC3C9}.AppStore|iPhone.Build.0 = AppStore|iPhone
		{4DA4C2B2-C8E1-4D55-9107-90AFE9DAC3C9}.AppStore|iPhoneSimulator.ActiveCfg = AppStore|iPhoneSimulator
		{4DA4C2B2-C8E1-4D55-9107-90AFE9DAC3C9}.AppStore|iPhoneSimulator.Build.0 = AppStore|iPhoneSimulator
		{4DA4C2B2-C8E1-4D55-9107-90AFE9DAC3C9}.AppStore|x64.ActiveCfg = AppStore|iPhone
		{4DA4C2B2-C8E1-4D55-9107-90AFE9DAC3C9}.AppStore|x86.ActiveCfg = AppStore|iPhone
		{4DA4C2B2-C8E1-4D55-9107-90AFE9DAC3C9}.Debug|Any CPU.ActiveCfg = Debug|iPhone
		{4DA4C2B2-C8E1-4D55-9107-90AFE9DAC3C9}.Debug|ARM.ActiveCfg = Debug|iPhone
		{4DA4C2B2-C8E1-4D55-9107-90AFE9DAC3C9}.Debug|iPhone.ActiveCfg = Debug|iPhone
		{4DA4C2B2-C8E1-4D55-9107-90AFE9DAC3C9}.Debug|iPhone.Build.0 = Debug|iPhone
		{4DA4C2B2-C8E1-4D55-9107-90AFE9DAC3C9}.Debug|iPhoneSimulator.ActiveCfg = Debug|iPhoneSimulator
		{4DA4C2B2-C8E1-4D55-9107-90AFE9DAC3C9}.Debug|iPhoneSimulator.Build.0 = Debug|iPhoneSimulator
		{4DA4C2B2-C8E1-4D55-9107-90AFE9DAC3C9}.Debug|x64.ActiveCfg = Debug|iPhone
		{4DA4C2B2-C8E1-4D55-9107-90AFE9DAC3C9}.Debug|x86.ActiveCfg = Debug|iPhone
		{4DA4C2B2-C8E1-4D55-9107-90AFE9DAC3C9}.Release|Any CPU.ActiveCfg = Release|iPhone
		{4DA4C2B2-C8E1-4D55-9107-90AFE9DAC3C9}.Release|ARM.ActiveCfg = Release|iPhone
		{4DA4C2B2-C8E1-4D55-9107-90AFE9DAC3C9}.Release|iPhone.ActiveCfg = Release|iPhone
		{4DA4C2B2-C8E1-4D55-9107-90AFE9DAC3C9}.Release|iPhone.Build.0 = Release|iPhone
		{4DA4C2B2-C8E1-4D55-9107-90AFE9DAC3C9}.Release|iPhoneSimulator.ActiveCfg = Release|iPhoneSimulator
		{4DA4C2B2-C8E1-4D55-9107-90AFE9DAC3C9}.Release|iPhoneSimulator.Build.0 = Release|iPhoneSimulator
		{4DA4C2B2-C8E1-4D55-9107-90AFE9DAC3C9}.Release|x64.ActiveCfg = Release|iPhone
		{4DA4C2B2-C8E1-4D55-9107-90AFE9DAC3C9}.Release|x86.ActiveCfg = Release|iPhone
		{9BA714FF-725D-4CBF-8E84-2C9A8593B835}.Ad-Hoc|Any CPU.ActiveCfg = Release|Any CPU
		{9BA714FF-725D-4CBF-8E84-2C9A8593B835}.Ad-Hoc|Any CPU.Build.0 = Release|Any CPU
		{9BA714FF-725D-4CBF-8E84-2C9A8593B835}.Ad-Hoc|Any CPU.Deploy.0 = Release|Any CPU
		{9BA714FF-725D-4CBF-8E84-2C9A8593B835}.Ad-Hoc|ARM.ActiveCfg = Release|ARM
		{9BA714FF-725D-4CBF-8E84-2C9A8593B835}.Ad-Hoc|ARM.Build.0 = Release|ARM
		{9BA714FF-725D-4CBF-8E84-2C9A8593B835}.Ad-Hoc|ARM.Deploy.0 = Release|ARM
		{9BA714FF-725D-4CBF-8E84-2C9A8593B835}.Ad-Hoc|iPhone.ActiveCfg = Release|Any CPU
		{9BA714FF-725D-4CBF-8E84-2C9A8593B835}.Ad-Hoc|iPhone.Build.0 = Release|Any CPU
		{9BA714FF-725D-4CBF-8E84-2C9A8593B835}.Ad-Hoc|iPhone.Deploy.0 = Release|Any CPU
		{9BA714FF-725D-4CBF-8E84-2C9A8593B835}.Ad-Hoc|iPhoneSimulator.ActiveCfg = Release|Any CPU
		{9BA714FF-725D-4CBF-8E84-2C9A8593B835}.Ad-Hoc|iPhoneSimulator.Build.0 = Release|Any CPU
		{9BA714FF-725D-4CBF-8E84-2C9A8593B835}.Ad-Hoc|iPhoneSimulator.Deploy.0 = Release|Any CPU
		{9BA714FF-725D-4CBF-8E84-2C9A8593B835}.Ad-Hoc|x64.ActiveCfg = Release|Any CPU
		{9BA714FF-725D-4CBF-8E84-2C9A8593B835}.Ad-Hoc|x64.Build.0 = Release|Any CPU
		{9BA714FF-725D-4CBF-8E84-2C9A8593B835}.Ad-Hoc|x64.Deploy.0 = Release|Any CPU
		{9BA714FF-725D-4CBF-8E84-2C9A8593B835}.Ad-Hoc|x86.ActiveCfg = Release|x86
		{9BA714FF-725D-4CBF-8E84-2C9A8593B835}.Ad-Hoc|x86.Build.0 = Release|x86
		{9BA714FF-725D-4CBF-8E84-2C9A8593B835}.Ad-Hoc|x86.Deploy.0 = Release|x86
		{9BA714FF-725D-4CBF-8E84-2C9A8593B835}.AppStore|Any CPU.ActiveCfg = Release|Any CPU
		{9BA714FF-725D-4CBF-8E84-2C9A8593B835}.AppStore|Any CPU.Build.0 = Release|Any CPU
		{9BA714FF-725D-4CBF-8E84-2C9A8593B835}.AppStore|Any CPU.Deploy.0 = Release|Any CPU
		{9BA714FF-725D-4CBF-8E84-2C9A8593B835}.AppStore|ARM.ActiveCfg = Release|ARM
		{9BA714FF-725D-4CBF-8E84-2C9A8593B835}.AppStore|ARM.Build.0 = Release|ARM
		{9BA714FF-725D-4CBF-8E84-2C9A8593B835}.AppStore|ARM.Deploy.0 = Release|ARM
		{9BA714FF-725D-4CBF-8E84-2C9A8593B835}.AppStore|iPhone.ActiveCfg = Release|Any CPU
		{9BA714FF-725D-4CBF-8E84-2C9A8593B835}.AppStore|iPhone.Build.0 = Release|Any CPU
		{9BA714FF-725D-4CBF-8E84-2C9A8593B835}.AppStore|iPhone.Deploy.0 = Release|Any CPU
		{9BA714FF-725D-4CBF-8E84-2C9A8593B835}.AppStore|iPhoneSimulator.ActiveCfg = Release|Any CPU
		{9BA714FF-725D-4CBF-8E84-2C9A8593B835}.AppStore|iPhoneSimulator.Build.0 = Release|Any CPU
		{9BA714FF-725D-4CBF-8E84-2C9A8593B835}.AppStore|iPhoneSimulator.Deploy.0 = Release|Any CPU
		{9BA714FF-725D-4CBF-8E84-2C9A8593B835}.AppStore|x64.ActiveCfg = Release|Any CPU
		{9BA714FF-725D-4CBF-8E84-2C9A8593B835}.AppStore|x64.Build.0 = Release|Any CPU
		{9BA714FF-725D-4CBF-8E84-2C9A8593B835}.AppStore|x64.Deploy.0 = Release|Any CPU
		{9BA714FF-725D-4CBF-8E84-2C9A8593B835}.AppStore|x86.ActiveCfg = Release|x86
		{9BA714FF-725D-4CBF-8E84-2C9A8593B835}.AppStore|x86.Build.0 = Release|x86
		{9BA714FF-725D-4CBF-8E84-2C9A8593B835}.AppStore|x86.Deploy.0 = Release|x86
		{9BA714FF-725D-4CBF-8E84-2C9A8593B835}.Debug|Any CPU.ActiveCfg = Debug|Any CPU
		{9BA714FF-725D-4CBF-8E84-2C9A8593B835}.Debug|Any CPU.Build.0 = Debug|Any CPU
		{9BA714FF-725D-4CBF-8E84-2C9A8593B835}.Debug|Any CPU.Deploy.0 = Debug|Any CPU
		{9BA714FF-725D-4CBF-8E84-2C9A8593B835}.Debug|ARM.ActiveCfg = Debug|ARM
		{9BA714FF-725D-4CBF-8E84-2C9A8593B835}.Debug|ARM.Build.0 = Debug|ARM
		{9BA714FF-725D-4CBF-8E84-2C9A8593B835}.Debug|ARM.Deploy.0 = Debug|ARM
		{9BA714FF-725D-4CBF-8E84-2C9A8593B835}.Debug|iPhone.ActiveCfg = Debug|Any CPU
		{9BA714FF-725D-4CBF-8E84-2C9A8593B835}.Debug|iPhone.Build.0 = Debug|Any CPU
		{9BA714FF-725D-4CBF-8E84-2C9A8593B835}.Debug|iPhone.Deploy.0 = Debug|Any CPU
		{9BA714FF-725D-4CBF-8E84-2C9A8593B835}.Debug|iPhoneSimulator.ActiveCfg = Debug|Any CPU
		{9BA714FF-725D-4CBF-8E84-2C9A8593B835}.Debug|iPhoneSimulator.Build.0 = Debug|Any CPU
		{9BA714FF-725D-4CBF-8E84-2C9A8593B835}.Debug|iPhoneSimulator.Deploy.0 = Debug|Any CPU
		{9BA714FF-725D-4CBF-8E84-2C9A8593B835}.Debug|x64.ActiveCfg = Debug|Any CPU
		{9BA714FF-725D-4CBF-8E84-2C9A8593B835}.Debug|x64.Build.0 = Debug|Any CPU
		{9BA714FF-725D-4CBF-8E84-2C9A8593B835}.Debug|x64.Deploy.0 = Debug|Any CPU
		{9BA714FF-725D-4CBF-8E84-2C9A8593B835}.Debug|x86.ActiveCfg = Debug|x86
		{9BA714FF-725D-4CBF-8E84-2C9A8593B835}.Debug|x86.Build.0 = Debug|x86
		{9BA714FF-725D-4CBF-8E84-2C9A8593B835}.Debug|x86.Deploy.0 = Debug|x86
		{9BA714FF-725D-4CBF-8E84-2C9A8593B835}.Release|Any CPU.ActiveCfg = Release|Any CPU
		{9BA714FF-725D-4CBF-8E84-2C9A8593B835}.Release|Any CPU.Build.0 = Release|Any CPU
		{9BA714FF-725D-4CBF-8E84-2C9A8593B835}.Release|Any CPU.Deploy.0 = Release|Any CPU
		{9BA714FF-725D-4CBF-8E84-2C9A8593B835}.Release|ARM.ActiveCfg = Release|ARM
		{9BA714FF-725D-4CBF-8E84-2C9A8593B835}.Release|ARM.Build.0 = Release|ARM
		{9BA714FF-725D-4CBF-8E84-2C9A8593B835}.Release|ARM.Deploy.0 = Release|ARM
		{9BA714FF-725D-4CBF-8E84-2C9A8593B835}.Release|iPhone.ActiveCfg = Release|Any CPU
		{9BA714FF-725D-4CBF-8E84-2C9A8593B835}.Release|iPhone.Build.0 = Release|Any CPU
		{9BA714FF-725D-4CBF-8E84-2C9A8593B835}.Release|iPhone.Deploy.0 = Release|Any CPU
		{9BA714FF-725D-4CBF-8E84-2C9A8593B835}.Release|iPhoneSimulator.ActiveCfg = Release|Any CPU
		{9BA714FF-725D-4CBF-8E84-2C9A8593B835}.Release|iPhoneSimulator.Build.0 = Release|Any CPU
		{9BA714FF-725D-4CBF-8E84-2C9A8593B835}.Release|iPhoneSimulator.Deploy.0 = Release|Any CPU
		{9BA714FF-725D-4CBF-8E84-2C9A8593B835}.Release|x64.ActiveCfg = Release|Any CPU
		{9BA714FF-725D-4CBF-8E84-2C9A8593B835}.Release|x64.Build.0 = Release|Any CPU
		{9BA714FF-725D-4CBF-8E84-2C9A8593B835}.Release|x64.Deploy.0 = Release|Any CPU
		{9BA714FF-725D-4CBF-8E84-2C9A8593B835}.Release|x86.ActiveCfg = Release|x86
		{9BA714FF-725D-4CBF-8E84-2C9A8593B835}.Release|x86.Build.0 = Release|x86
		{9BA714FF-725D-4CBF-8E84-2C9A8593B835}.Release|x86.Deploy.0 = Release|x86
		{88EC5A03-60D9-4F80-8BEF-A52052A35BAC}.Ad-Hoc|Any CPU.ActiveCfg = Release|x86
		{88EC5A03-60D9-4F80-8BEF-A52052A35BAC}.Ad-Hoc|Any CPU.Build.0 = Release|x86
		{88EC5A03-60D9-4F80-8BEF-A52052A35BAC}.Ad-Hoc|Any CPU.Deploy.0 = Release|x86
		{88EC5A03-60D9-4F80-8BEF-A52052A35BAC}.Ad-Hoc|ARM.ActiveCfg = Release|ARM
		{88EC5A03-60D9-4F80-8BEF-A52052A35BAC}.Ad-Hoc|ARM.Build.0 = Release|ARM
		{88EC5A03-60D9-4F80-8BEF-A52052A35BAC}.Ad-Hoc|ARM.Deploy.0 = Release|ARM
		{88EC5A03-60D9-4F80-8BEF-A52052A35BAC}.Ad-Hoc|iPhone.ActiveCfg = Release|x86
		{88EC5A03-60D9-4F80-8BEF-A52052A35BAC}.Ad-Hoc|iPhone.Build.0 = Release|x86
		{88EC5A03-60D9-4F80-8BEF-A52052A35BAC}.Ad-Hoc|iPhone.Deploy.0 = Release|x86
		{88EC5A03-60D9-4F80-8BEF-A52052A35BAC}.Ad-Hoc|iPhoneSimulator.ActiveCfg = Release|x86
		{88EC5A03-60D9-4F80-8BEF-A52052A35BAC}.Ad-Hoc|iPhoneSimulator.Build.0 = Release|x86
		{88EC5A03-60D9-4F80-8BEF-A52052A35BAC}.Ad-Hoc|iPhoneSimulator.Deploy.0 = Release|x86
		{88EC5A03-60D9-4F80-8BEF-A52052A35BAC}.Ad-Hoc|x64.ActiveCfg = Release|x64
		{88EC5A03-60D9-4F80-8BEF-A52052A35BAC}.Ad-Hoc|x64.Build.0 = Release|x64
		{88EC5A03-60D9-4F80-8BEF-A52052A35BAC}.Ad-Hoc|x64.Deploy.0 = Release|x64
		{88EC5A03-60D9-4F80-8BEF-A52052A35BAC}.Ad-Hoc|x86.ActiveCfg = Release|x86
		{88EC5A03-60D9-4F80-8BEF-A52052A35BAC}.Ad-Hoc|x86.Build.0 = Release|x86
		{88EC5A03-60D9-4F80-8BEF-A52052A35BAC}.Ad-Hoc|x86.Deploy.0 = Release|x86
		{88EC5A03-60D9-4F80-8BEF-A52052A35BAC}.AppStore|Any CPU.ActiveCfg = Release|x86
		{88EC5A03-60D9-4F80-8BEF-A52052A35BAC}.AppStore|Any CPU.Build.0 = Release|x86
		{88EC5A03-60D9-4F80-8BEF-A52052A35BAC}.AppStore|Any CPU.Deploy.0 = Release|x86
		{88EC5A03-60D9-4F80-8BEF-A52052A35BAC}.AppStore|ARM.ActiveCfg = Release|ARM
		{88EC5A03-60D9-4F80-8BEF-A52052A35BAC}.AppStore|ARM.Build.0 = Release|ARM
		{88EC5A03-60D9-4F80-8BEF-A52052A35BAC}.AppStore|ARM.Deploy.0 = Release|ARM
		{88EC5A03-60D9-4F80-8BEF-A52052A35BAC}.AppStore|iPhone.ActiveCfg = Release|x86
		{88EC5A03-60D9-4F80-8BEF-A52052A35BAC}.AppStore|iPhone.Build.0 = Release|x86
		{88EC5A03-60D9-4F80-8BEF-A52052A35BAC}.AppStore|iPhone.Deploy.0 = Release|x86
		{88EC5A03-60D9-4F80-8BEF-A52052A35BAC}.AppStore|iPhoneSimulator.ActiveCfg = Release|x86
		{88EC5A03-60D9-4F80-8BEF-A52052A35BAC}.AppStore|iPhoneSimulator.Build.0 = Release|x86
		{88EC5A03-60D9-4F80-8BEF-A52052A35BAC}.AppStore|iPhoneSimulator.Deploy.0 = Release|x86
		{88EC5A03-60D9-4F80-8BEF-A52052A35BAC}.AppStore|x64.ActiveCfg = Release|x64
		{88EC5A03-60D9-4F80-8BEF-A52052A35BAC}.AppStore|x64.Build.0 = Release|x64
		{88EC5A03-60D9-4F80-8BEF-A52052A35BAC}.AppStore|x64.Deploy.0 = Release|x64
		{88EC5A03-60D9-4F80-8BEF-A52052A35BAC}.AppStore|x86.ActiveCfg = Release|x86
		{88EC5A03-60D9-4F80-8BEF-A52052A35BAC}.AppStore|x86.Build.0 = Release|x86
		{88EC5A03-60D9-4F80-8BEF-A52052A35BAC}.AppStore|x86.Deploy.0 = Release|x86
		{88EC5A03-60D9-4F80-8BEF-A52052A35BAC}.Debug|Any CPU.ActiveCfg = Debug|x86
		{88EC5A03-60D9-4F80-8BEF-A52052A35BAC}.Debug|Any CPU.Build.0 = Debug|x86
		{88EC5A03-60D9-4F80-8BEF-A52052A35BAC}.Debug|Any CPU.Deploy.0 = Debug|x86
		{88EC5A03-60D9-4F80-8BEF-A52052A35BAC}.Debug|ARM.ActiveCfg = Debug|ARM
		{88EC5A03-60D9-4F80-8BEF-A52052A35BAC}.Debug|ARM.Build.0 = Debug|ARM
		{88EC5A03-60D9-4F80-8BEF-A52052A35BAC}.Debug|ARM.Deploy.0 = Debug|ARM
		{88EC5A03-60D9-4F80-8BEF-A52052A35BAC}.Debug|iPhone.ActiveCfg = Debug|x86
		{88EC5A03-60D9-4F80-8BEF-A52052A35BAC}.Debug|iPhoneSimulator.ActiveCfg = Debug|x86
		{88EC5A03-60D9-4F80-8BEF-A52052A35BAC}.Debug|x64.ActiveCfg = Debug|x64
		{88EC5A03-60D9-4F80-8BEF-A52052A35BAC}.Debug|x64.Build.0 = Debug|x64
		{88EC5A03-60D9-4F80-8BEF-A52052A35BAC}.Debug|x64.Deploy.0 = Debug|x64
		{88EC5A03-60D9-4F80-8BEF-A52052A35BAC}.Debug|x86.ActiveCfg = Debug|x86
		{88EC5A03-60D9-4F80-8BEF-A52052A35BAC}.Debug|x86.Build.0 = Debug|x86
		{88EC5A03-60D9-4F80-8BEF-A52052A35BAC}.Debug|x86.Deploy.0 = Debug|x86
		{88EC5A03-60D9-4F80-8BEF-A52052A35BAC}.Release|Any CPU.ActiveCfg = Release|x86
		{88EC5A03-60D9-4F80-8BEF-A52052A35BAC}.Release|ARM.ActiveCfg = Release|ARM
		{88EC5A03-60D9-4F80-8BEF-A52052A35BAC}.Release|ARM.Build.0 = Release|ARM
		{88EC5A03-60D9-4F80-8BEF-A52052A35BAC}.Release|ARM.Deploy.0 = Release|ARM
		{88EC5A03-60D9-4F80-8BEF-A52052A35BAC}.Release|iPhone.ActiveCfg = Release|x86
		{88EC5A03-60D9-4F80-8BEF-A52052A35BAC}.Release|iPhoneSimulator.ActiveCfg = Release|x86
		{88EC5A03-60D9-4F80-8BEF-A52052A35BAC}.Release|x64.ActiveCfg = Release|x64
		{88EC5A03-60D9-4F80-8BEF-A52052A35BAC}.Release|x64.Build.0 = Release|x64
		{88EC5A03-60D9-4F80-8BEF-A52052A35BAC}.Release|x64.Deploy.0 = Release|x64
		{88EC5A03-60D9-4F80-8BEF-A52052A35BAC}.Release|x86.ActiveCfg = Release|x86
		{88EC5A03-60D9-4F80-8BEF-A52052A35BAC}.Release|x86.Build.0 = Release|x86
		{88EC5A03-60D9-4F80-8BEF-A52052A35BAC}.Release|x86.Deploy.0 = Release|x86
		{C3A1BB49-53E1-4C9C-9CDA-DE3AEE759E57}.Ad-Hoc|Any CPU.ActiveCfg = Release|Any CPU
		{C3A1BB49-53E1-4C9C-9CDA-DE3AEE759E57}.Ad-Hoc|Any CPU.Build.0 = Release|Any CPU
		{C3A1BB49-53E1-4C9C-9CDA-DE3AEE759E57}.Ad-Hoc|Any CPU.Deploy.0 = Release|Any CPU
		{C3A1BB49-53E1-4C9C-9CDA-DE3AEE759E57}.Ad-Hoc|ARM.ActiveCfg = Release|ARM
		{C3A1BB49-53E1-4C9C-9CDA-DE3AEE759E57}.Ad-Hoc|ARM.Build.0 = Release|ARM
		{C3A1BB49-53E1-4C9C-9CDA-DE3AEE759E57}.Ad-Hoc|ARM.Deploy.0 = Release|ARM
		{C3A1BB49-53E1-4C9C-9CDA-DE3AEE759E57}.Ad-Hoc|iPhone.ActiveCfg = Release|Any CPU
		{C3A1BB49-53E1-4C9C-9CDA-DE3AEE759E57}.Ad-Hoc|iPhone.Build.0 = Release|Any CPU
		{C3A1BB49-53E1-4C9C-9CDA-DE3AEE759E57}.Ad-Hoc|iPhone.Deploy.0 = Release|Any CPU
		{C3A1BB49-53E1-4C9C-9CDA-DE3AEE759E57}.Ad-Hoc|iPhoneSimulator.ActiveCfg = Release|Any CPU
		{C3A1BB49-53E1-4C9C-9CDA-DE3AEE759E57}.Ad-Hoc|iPhoneSimulator.Build.0 = Release|Any CPU
		{C3A1BB49-53E1-4C9C-9CDA-DE3AEE759E57}.Ad-Hoc|iPhoneSimulator.Deploy.0 = Release|Any CPU
		{C3A1BB49-53E1-4C9C-9CDA-DE3AEE759E57}.Ad-Hoc|x64.ActiveCfg = Release|x64
		{C3A1BB49-53E1-4C9C-9CDA-DE3AEE759E57}.Ad-Hoc|x64.Build.0 = Release|x64
		{C3A1BB49-53E1-4C9C-9CDA-DE3AEE759E57}.Ad-Hoc|x64.Deploy.0 = Release|x64
		{C3A1BB49-53E1-4C9C-9CDA-DE3AEE759E57}.Ad-Hoc|x86.ActiveCfg = Release|x86
		{C3A1BB49-53E1-4C9C-9CDA-DE3AEE759E57}.Ad-Hoc|x86.Build.0 = Release|x86
		{C3A1BB49-53E1-4C9C-9CDA-DE3AEE759E57}.Ad-Hoc|x86.Deploy.0 = Release|x86
		{C3A1BB49-53E1-4C9C-9CDA-DE3AEE759E57}.AppStore|Any CPU.ActiveCfg = Release|Any CPU
		{C3A1BB49-53E1-4C9C-9CDA-DE3AEE759E57}.AppStore|Any CPU.Build.0 = Release|Any CPU
		{C3A1BB49-53E1-4C9C-9CDA-DE3AEE759E57}.AppStore|Any CPU.Deploy.0 = Release|Any CPU
		{C3A1BB49-53E1-4C9C-9CDA-DE3AEE759E57}.AppStore|ARM.ActiveCfg = Release|ARM
		{C3A1BB49-53E1-4C9C-9CDA-DE3AEE759E57}.AppStore|ARM.Build.0 = Release|ARM
		{C3A1BB49-53E1-4C9C-9CDA-DE3AEE759E57}.AppStore|ARM.Deploy.0 = Release|ARM
		{C3A1BB49-53E1-4C9C-9CDA-DE3AEE759E57}.AppStore|iPhone.ActiveCfg = Release|Any CPU
		{C3A1BB49-53E1-4C9C-9CDA-DE3AEE759E57}.AppStore|iPhone.Build.0 = Release|Any CPU
		{C3A1BB49-53E1-4C9C-9CDA-DE3AEE759E57}.AppStore|iPhone.Deploy.0 = Release|Any CPU
		{C3A1BB49-53E1-4C9C-9CDA-DE3AEE759E57}.AppStore|iPhoneSimulator.ActiveCfg = Release|Any CPU
		{C3A1BB49-53E1-4C9C-9CDA-DE3AEE759E57}.AppStore|iPhoneSimulator.Build.0 = Release|Any CPU
		{C3A1BB49-53E1-4C9C-9CDA-DE3AEE759E57}.AppStore|iPhoneSimulator.Deploy.0 = Release|Any CPU
		{C3A1BB49-53E1-4C9C-9CDA-DE3AEE759E57}.AppStore|x64.ActiveCfg = Release|x64
		{C3A1BB49-53E1-4C9C-9CDA-DE3AEE759E57}.AppStore|x64.Build.0 = Release|x64
		{C3A1BB49-53E1-4C9C-9CDA-DE3AEE759E57}.AppStore|x64.Deploy.0 = Release|x64
		{C3A1BB49-53E1-4C9C-9CDA-DE3AEE759E57}.AppStore|x86.ActiveCfg = Release|x86
		{C3A1BB49-53E1-4C9C-9CDA-DE3AEE759E57}.AppStore|x86.Build.0 = Release|x86
		{C3A1BB49-53E1-4C9C-9CDA-DE3AEE759E57}.AppStore|x86.Deploy.0 = Release|x86
		{C3A1BB49-53E1-4C9C-9CDA-DE3AEE759E57}.Debug|Any CPU.ActiveCfg = Debug|Any CPU
		{C3A1BB49-53E1-4C9C-9CDA-DE3AEE759E57}.Debug|Any CPU.Build.0 = Debug|Any CPU
		{C3A1BB49-53E1-4C9C-9CDA-DE3AEE759E57}.Debug|Any CPU.Deploy.0 = Debug|Any CPU
		{C3A1BB49-53E1-4C9C-9CDA-DE3AEE759E57}.Debug|ARM.ActiveCfg = Debug|ARM
		{C3A1BB49-53E1-4C9C-9CDA-DE3AEE759E57}.Debug|ARM.Build.0 = Debug|ARM
		{C3A1BB49-53E1-4C9C-9CDA-DE3AEE759E57}.Debug|ARM.Deploy.0 = Debug|ARM
		{C3A1BB49-53E1-4C9C-9CDA-DE3AEE759E57}.Debug|iPhone.ActiveCfg = Debug|Any CPU
		{C3A1BB49-53E1-4C9C-9CDA-DE3AEE759E57}.Debug|iPhone.Build.0 = Debug|Any CPU
		{C3A1BB49-53E1-4C9C-9CDA-DE3AEE759E57}.Debug|iPhone.Deploy.0 = Debug|Any CPU
		{C3A1BB49-53E1-4C9C-9CDA-DE3AEE759E57}.Debug|iPhoneSimulator.ActiveCfg = Debug|Any CPU
		{C3A1BB49-53E1-4C9C-9CDA-DE3AEE759E57}.Debug|iPhoneSimulator.Build.0 = Debug|Any CPU
		{C3A1BB49-53E1-4C9C-9CDA-DE3AEE759E57}.Debug|iPhoneSimulator.Deploy.0 = Debug|Any CPU
		{C3A1BB49-53E1-4C9C-9CDA-DE3AEE759E57}.Debug|x64.ActiveCfg = Debug|x64
		{C3A1BB49-53E1-4C9C-9CDA-DE3AEE759E57}.Debug|x64.Build.0 = Debug|x64
		{C3A1BB49-53E1-4C9C-9CDA-DE3AEE759E57}.Debug|x64.Deploy.0 = Debug|x64
		{C3A1BB49-53E1-4C9C-9CDA-DE3AEE759E57}.Debug|x86.ActiveCfg = Debug|x86
		{C3A1BB49-53E1-4C9C-9CDA-DE3AEE759E57}.Debug|x86.Build.0 = Debug|x86
		{C3A1BB49-53E1-4C9C-9CDA-DE3AEE759E57}.Debug|x86.Deploy.0 = Debug|x86
		{C3A1BB49-53E1-4C9C-9CDA-DE3AEE759E57}.Release|Any CPU.ActiveCfg = Release|Any CPU
		{C3A1BB49-53E1-4C9C-9CDA-DE3AEE759E57}.Release|Any CPU.Build.0 = Release|Any CPU
		{C3A1BB49-53E1-4C9C-9CDA-DE3AEE759E57}.Release|Any CPU.Deploy.0 = Release|Any CPU
		{C3A1BB49-53E1-4C9C-9CDA-DE3AEE759E57}.Release|ARM.ActiveCfg = Release|ARM
		{C3A1BB49-53E1-4C9C-9CDA-DE3AEE759E57}.Release|ARM.Build.0 = Release|ARM
		{C3A1BB49-53E1-4C9C-9CDA-DE3AEE759E57}.Release|ARM.Deploy.0 = Release|ARM
		{C3A1BB49-53E1-4C9C-9CDA-DE3AEE759E57}.Release|iPhone.ActiveCfg = Release|Any CPU
		{C3A1BB49-53E1-4C9C-9CDA-DE3AEE759E57}.Release|iPhone.Build.0 = Release|Any CPU
		{C3A1BB49-53E1-4C9C-9CDA-DE3AEE759E57}.Release|iPhone.Deploy.0 = Release|Any CPU
		{C3A1BB49-53E1-4C9C-9CDA-DE3AEE759E57}.Release|iPhoneSimulator.ActiveCfg = Release|Any CPU
		{C3A1BB49-53E1-4C9C-9CDA-DE3AEE759E57}.Release|iPhoneSimulator.Build.0 = Release|Any CPU
		{C3A1BB49-53E1-4C9C-9CDA-DE3AEE759E57}.Release|iPhoneSimulator.Deploy.0 = Release|Any CPU
		{C3A1BB49-53E1-4C9C-9CDA-DE3AEE759E57}.Release|x64.ActiveCfg = Release|x64
		{C3A1BB49-53E1-4C9C-9CDA-DE3AEE759E57}.Release|x64.Build.0 = Release|x64
		{C3A1BB49-53E1-4C9C-9CDA-DE3AEE759E57}.Release|x64.Deploy.0 = Release|x64
		{C3A1BB49-53E1-4C9C-9CDA-DE3AEE759E57}.Release|x86.ActiveCfg = Release|x86
		{C3A1BB49-53E1-4C9C-9CDA-DE3AEE759E57}.Release|x86.Build.0 = Release|x86
		{C3A1BB49-53E1-4C9C-9CDA-DE3AEE759E57}.Release|x86.Deploy.0 = Release|x86
	EndGlobalSection
	GlobalSection(SolutionProperties) = preSolution
		HideSolutionNode = FALSE
	EndGlobalSection
EndGlobal
